PODS:
  - Alamofire (3.4.1)
  - EverliveSDK (1.1.0):
    - Alamofire (~> 3.0)
    - EVReflection (~> 2.6)
    - SwiftyJSON (~> 2.3.1)
  - EVReflection (2.38.1)
  - Kingfisher (2.4.1)
  - SwiftyJSON (2.3.2)

DEPENDENCIES:
  - EverliveSDK (~> 1.1.0)
  - Kingfisher (~> 2.4)

SPEC CHECKSUMS:
  Alamofire: 01a82e2f6c0f860ade35534c8dd88be61bdef40c
  EverliveSDK: 38ef700f8bc3f309374ff80f7e2c21fcad15b406
  EVReflection: 8982495e0a5a9b7b1d4e766e4e08b0ffc6ca5469
  Kingfisher: 41aed5b6c1ed8fa98cf6d75283ce89cf7890f517
  SwiftyJSON: 04ccea08915aa0109039157c7974cf0298da292a

PODFILE CHECKSUM: acbfb1cc602db28c4c81a4493d24aa1f8217f39a

COCOAPODS: 1.0.0
